
Microsoft Visual Studio Solution File, Format Version 12.00
# Visual Studio Version 16
VisualStudioVersion = 16.0.29403.142
MinimumVisualStudioVersion = 10.0.40219.1
Project("{FAE04EC0-301F-11D3-BF4B-00C04F79EFBC}") = "BodyMove", "BodyMove.csproj", "{B99DEE1F-6F8B-4EF3-AD90-F616DA9FD64A}"
EndProject
Global
	GlobalSection(SolutionConfigurationPlatforms) = preSolution
		Debug|Any CPU = Debug|Any CPU
		Release|Any CPU = Release|Any CPU
	EndGlobalSection
	GlobalSection(ProjectConfigurationPlatforms) = postSolution
		{B99DEE1F-6F8B-4EF3-AD90-F616DA9FD64A}.Debug|Any CPU.ActiveCfg = Debug|Any CPU
		{B99DEE1F-6F8B-4EF3-AD90-F616DA9FD64A}.Debug|Any CPU.Build.0 = Debug|Any CPU
		{B99DEE1F-6F8B-4EF3-AD90-F616DA9FD64A}.Release|Any CPU.ActiveCfg = Release|Any CPU
		{B99DEE1F-6F8B-4EF3-AD90-F616DA9FD64A}.Release|Any CPU.Build.0 = Release|Any CPU
	EndGlobalSection
	GlobalSection(SolutionProperties) = preSolution
		HideSolutionNode = FALSE
	EndGlobalSection
	GlobalSection(ExtensibilityGlobals) = postSolution
		SolutionGuid = {7E51BF72-2CD9-46ED-8700-6C9264F3A184}
	EndGlobalSection
EndGlobal
